
Microsoft Visual Studio Solution File, Format Version 12.00
# Visual Studio Version 16
VisualStudioVersion = 16.0.29911.84
MinimumVisualStudioVersion = 10.0.40219.1
Project("{FAE04EC0-301F-11D3-BF4B-00C04F79EFBC}") = "PixelGame", "PixelGame\PixelGame.csproj", "{4CD918E3-C631-404C-9B39-CCA47D293435}"
EndProject
Global
	GlobalSection(SolutionConfigurationPlatforms) = preSolution
		Debug|Any CPU = Debug|Any CPU
		Release|Any CPU = Release|Any CPU
	EndGlobalSection
	GlobalSection(ProjectConfigurationPlatforms) = postSolution
		{4CD918E3-C631-404C-9B39-CCA47D293435}.Debug|Any CPU.ActiveCfg = Debug|Any CPU
		{4CD918E3-C631-404C-9B39-CCA47D293435}.Debug|Any CPU.Build.0 = Debug|Any CPU
		{4CD918E3-C631-404C-9B39-CCA47D293435}.Release|Any CPU.ActiveCfg = Release|Any CPU
		{4CD918E3-C631-404C-9B39-CCA47D293435}.Release|Any CPU.Build.0 = Release|Any CPU
	EndGlobalSection
	GlobalSection(SolutionProperties) = preSolution
		HideSolutionNode = FALSE
	EndGlobalSection
	GlobalSection(ExtensibilityGlobals) = postSolution
		SolutionGuid = {3A3F58F5-E628-4ABB-9180-BC55DAB90C1A}
	EndGlobalSection
EndGlobal
