
Microsoft Visual Studio Solution File, Format Version 12.00
# Visual Studio Version 16
VisualStudioVersion = 16.0.29911.84
MinimumVisualStudioVersion = 10.0.40219.1
Project("{FAE04EC0-301F-11D3-BF4B-00C04F79EFBC}") = "DiceGame", "DiceGame\DiceGame.csproj", "{8E0AE252-7643-4666-8777-359945615A9E}"
EndProject
Global
	GlobalSection(SolutionConfigurationPlatforms) = preSolution
		Debug|Any CPU = Debug|Any CPU
		Release|Any CPU = Release|Any CPU
	EndGlobalSection
	GlobalSection(ProjectConfigurationPlatforms) = postSolution
		{8E0AE252-7643-4666-8777-359945615A9E}.Debug|Any CPU.ActiveCfg = Debug|Any CPU
		{8E0AE252-7643-4666-8777-359945615A9E}.Debug|Any CPU.Build.0 = Debug|Any CPU
		{8E0AE252-7643-4666-8777-359945615A9E}.Release|Any CPU.ActiveCfg = Release|Any CPU
		{8E0AE252-7643-4666-8777-359945615A9E}.Release|Any CPU.Build.0 = Release|Any CPU
	EndGlobalSection
	GlobalSection(SolutionProperties) = preSolution
		HideSolutionNode = FALSE
	EndGlobalSection
	GlobalSection(ExtensibilityGlobals) = postSolution
		SolutionGuid = {40B84FDF-CD81-469B-912B-C2585379DCE2}
	EndGlobalSection
EndGlobal
