
Microsoft Visual Studio Solution File, Format Version 12.00
# Visual Studio Version 16
VisualStudioVersion = 16.0.29911.84
MinimumVisualStudioVersion = 10.0.40219.1
Project("{FAE04EC0-301F-11D3-BF4B-00C04F79EFBC}") = "Parsiey", "Parsiey\Parsiey.csproj", "{F2194F09-DC56-4A5E-8F5E-B21E645A54D1}"
EndProject
Global
	GlobalSection(SolutionConfigurationPlatforms) = preSolution
		Debug|Any CPU = Debug|Any CPU
		Release|Any CPU = Release|Any CPU
	EndGlobalSection
	GlobalSection(ProjectConfigurationPlatforms) = postSolution
		{F2194F09-DC56-4A5E-8F5E-B21E645A54D1}.Debug|Any CPU.ActiveCfg = Debug|Any CPU
		{F2194F09-DC56-4A5E-8F5E-B21E645A54D1}.Debug|Any CPU.Build.0 = Debug|Any CPU
		{F2194F09-DC56-4A5E-8F5E-B21E645A54D1}.Release|Any CPU.ActiveCfg = Release|Any CPU
		{F2194F09-DC56-4A5E-8F5E-B21E645A54D1}.Release|Any CPU.Build.0 = Release|Any CPU
	EndGlobalSection
	GlobalSection(SolutionProperties) = preSolution
		HideSolutionNode = FALSE
	EndGlobalSection
	GlobalSection(ExtensibilityGlobals) = postSolution
		SolutionGuid = {510146D2-4A9F-41D7-B2F0-9256E47AEDCF}
	EndGlobalSection
EndGlobal
