
Microsoft Visual Studio Solution File, Format Version 12.00
# Visual Studio Version 16
VisualStudioVersion = 16.0.29911.84
MinimumVisualStudioVersion = 10.0.40219.1
Project("{FAE04EC0-301F-11D3-BF4B-00C04F79EFBC}") = "ThanksgivingScramble", "ThanksgivingScramble\ThanksgivingScramble.csproj", "{62FC5E2D-C42E-4227-B130-163815657291}"
EndProject
Global
	GlobalSection(SolutionConfigurationPlatforms) = preSolution
		Debug|Any CPU = Debug|Any CPU
		Release|Any CPU = Release|Any CPU
	EndGlobalSection
	GlobalSection(ProjectConfigurationPlatforms) = postSolution
		{62FC5E2D-C42E-4227-B130-163815657291}.Debug|Any CPU.ActiveCfg = Debug|Any CPU
		{62FC5E2D-C42E-4227-B130-163815657291}.Debug|Any CPU.Build.0 = Debug|Any CPU
		{62FC5E2D-C42E-4227-B130-163815657291}.Release|Any CPU.ActiveCfg = Release|Any CPU
		{62FC5E2D-C42E-4227-B130-163815657291}.Release|Any CPU.Build.0 = Release|Any CPU
	EndGlobalSection
	GlobalSection(SolutionProperties) = preSolution
		HideSolutionNode = FALSE
	EndGlobalSection
	GlobalSection(ExtensibilityGlobals) = postSolution
		SolutionGuid = {F9A4AE79-E7BF-402F-95A5-605D0BC6DC19}
	EndGlobalSection
EndGlobal
